
Microsoft Visual Studio Solution File, Format Version 12.00
# Visual Studio 2013
VisualStudioVersion = 12.0.31101.0
MinimumVisualStudioVersion = 10.0.40219.1
Project("{8BC9CEB8-8B4A-11D0-8D11-00A0C91BC942}") = "CS260_A1", "CS260_A1\CS260_A1.vcxproj", "{207C8766-A5B4-414E-A3C2-2C2F8C1A4D3E}"
EndProject
Project("{8BC9CEB8-8B4A-11D0-8D11-00A0C91BC942}") = "CS260_Client", "CS260_Client\CS260_Client.vcxproj", "{7060AA9F-FE92-4FF7-8AB5-517682CAA62F}"
EndProject
Global
	GlobalSection(SolutionConfigurationPlatforms) = preSolution
		Client_Debug|Win32 = Client_Debug|Win32
		Client_Release|Win32 = Client_Release|Win32
		Debug|Win32 = Debug|Win32
		Release|Win32 = Release|Win32
	EndGlobalSection
	GlobalSection(ProjectConfigurationPlatforms) = postSolution
		{207C8766-A5B4-414E-A3C2-2C2F8C1A4D3E}.Client_Debug|Win32.ActiveCfg = Client_Debug|Win32
		{207C8766-A5B4-414E-A3C2-2C2F8C1A4D3E}.Client_Debug|Win32.Build.0 = Client_Debug|Win32
		{207C8766-A5B4-414E-A3C2-2C2F8C1A4D3E}.Client_Release|Win32.ActiveCfg = Client_Release|Win32
		{207C8766-A5B4-414E-A3C2-2C2F8C1A4D3E}.Client_Release|Win32.Build.0 = Client_Release|Win32
		{207C8766-A5B4-414E-A3C2-2C2F8C1A4D3E}.Debug|Win32.ActiveCfg = Debug|Win32
		{207C8766-A5B4-414E-A3C2-2C2F8C1A4D3E}.Debug|Win32.Build.0 = Debug|Win32
		{207C8766-A5B4-414E-A3C2-2C2F8C1A4D3E}.Release|Win32.ActiveCfg = Release|Win32
		{207C8766-A5B4-414E-A3C2-2C2F8C1A4D3E}.Release|Win32.Build.0 = Release|Win32
		{7060AA9F-FE92-4FF7-8AB5-517682CAA62F}.Client_Debug|Win32.ActiveCfg = Debug|Win32
		{7060AA9F-FE92-4FF7-8AB5-517682CAA62F}.Client_Debug|Win32.Build.0 = Debug|Win32
		{7060AA9F-FE92-4FF7-8AB5-517682CAA62F}.Client_Release|Win32.ActiveCfg = Release|Win32
		{7060AA9F-FE92-4FF7-8AB5-517682CAA62F}.Client_Release|Win32.Build.0 = Release|Win32
		{7060AA9F-FE92-4FF7-8AB5-517682CAA62F}.Debug|Win32.ActiveCfg = Debug|Win32
		{7060AA9F-FE92-4FF7-8AB5-517682CAA62F}.Debug|Win32.Build.0 = Debug|Win32
		{7060AA9F-FE92-4FF7-8AB5-517682CAA62F}.Release|Win32.ActiveCfg = Release|Win32
		{7060AA9F-FE92-4FF7-8AB5-517682CAA62F}.Release|Win32.Build.0 = Release|Win32
	EndGlobalSection
	GlobalSection(SolutionProperties) = preSolution
		HideSolutionNode = FALSE
	EndGlobalSection
EndGlobal
